
Microsoft Visual Studio Solution File, Format Version 12.00
# Visual Studio Version 17
VisualStudioVersion = 17.8.34525.116
MinimumVisualStudioVersion = 10.0.40219.1
Project("{2150E333-8FDC-42A3-9474-1A3956D46DE8}") = "Solution Items", "Solution Items", "{5DBAFF03-B474-4EBB-914E-06E86CDE6C6C}"
	ProjectSection(SolutionItems) = preProject
		src\docker-compose.override.yml = src\docker-compose.override.yml
		src\docker-compose.yml = src\docker-compose.yml
		global.json = global.json
		README.md = README.md
	EndProjectSection
EndProject
Project("{2150E333-8FDC-42A3-9474-1A3956D46DE8}") = "src", "src", "{04072234-7FB9-4AEB-81D0-68BC06344FF1}"
EndProject
Project("{2150E333-8FDC-42A3-9474-1A3956D46DE8}") = "tests", "tests", "{806C8979-D9A6-4A05-8D5C-F844557D26E3}"
EndProject
Project("{2150E333-8FDC-42A3-9474-1A3956D46DE8}") = "ApiGateways", "ApiGateways", "{1CF80562-C9F5-4892-B083-2A8AD79C2C5F}"
EndProject
Project("{2150E333-8FDC-42A3-9474-1A3956D46DE8}") = "BuildingBlocks", "BuildingBlocks", "{C30211FA-29DC-4915-8742-52548428C393}"
EndProject
Project("{2150E333-8FDC-42A3-9474-1A3956D46DE8}") = "Services", "Services", "{7307CC4F-AC8B-4475-A807-E586DBF7E890}"
EndProject
Project("{2150E333-8FDC-42A3-9474-1A3956D46DE8}") = "WebApps", "WebApps", "{09267258-AB0A-443B-BE59-1BF1DB1CF85F}"
EndProject
Project("{9A19103F-16F7-4668-BE54-9A1E7A4F7556}") = "Common.Logging", "src\BuildingBlocks\Common.Logging\Common.Logging.csproj", "{9377A6ED-EEC1-4282-AD62-41F767DA2360}"
EndProject
Project("{2150E333-8FDC-42A3-9474-1A3956D46DE8}") = "Product", "Product", "{EA067459-458A-41C8-A480-28842B77DE03}"
EndProject
Project("{2150E333-8FDC-42A3-9474-1A3956D46DE8}") = "Customer", "Customer", "{12D706B6-3A58-4EB3-9305-1F8E2DD761B3}"
EndProject
Project("{2150E333-8FDC-42A3-9474-1A3956D46DE8}") = "Basket", "Basket", "{7B3095F1-7488-4DD9-B467-C9D0538BBF50}"
EndProject
Project("{2150E333-8FDC-42A3-9474-1A3956D46DE8}") = "Ordering", "Ordering", "{0A332EF8-745B-4176-AFAD-E44875C63AF2}"
EndProject
Project("{2150E333-8FDC-42A3-9474-1A3956D46DE8}") = "Inventory", "Inventory", "{98BEFEDC-7C7B-4F02-8660-FC9A12BE27D3}"
EndProject
Project("{2150E333-8FDC-42A3-9474-1A3956D46DE8}") = "ScheduledJob", "ScheduledJob", "{57C3830E-D053-460D-A10F-DFC2252A0D58}"
EndProject
Project("{9A19103F-16F7-4668-BE54-9A1E7A4F7556}") = "WebHeathStatus", "src\WebApps\WebHeathStatus\WebHeathStatus.csproj", "{B6320F03-146D-43E4-AFFF-4B7CD61D19EE}"
EndProject
Project("{9A19103F-16F7-4668-BE54-9A1E7A4F7556}") = "Basket.Api", "src\Services\Basket.Api\Basket.Api.csproj", "{A87994F7-161B-4AC0-B3A7-19C89F1CEB2A}"
EndProject
Project("{9A19103F-16F7-4668-BE54-9A1E7A4F7556}") = "Customer.Api", "src\Services\Customer.Api\Customer.Api.csproj", "{9836B3FE-2BCD-49DF-B94B-6EE477C1245F}"
EndProject
Project("{9A19103F-16F7-4668-BE54-9A1E7A4F7556}") = "Inventory.Api", "src\Services\Inventory.Api\Inventory.Api.csproj", "{4D286839-87B6-4919-BD5A-9CA3FDB7F70C}"
EndProject
Project("{9A19103F-16F7-4668-BE54-9A1E7A4F7556}") = "Product.Api", "src\Services\Product.Api\Product.Api.csproj", "{7045B79F-21C3-4C4E-97A8-9E61832916D4}"
EndProject
Project("{9A19103F-16F7-4668-BE54-9A1E7A4F7556}") = "Hangfire.Api", "src\Services\Hangfire.Api\Hangfire.Api.csproj", "{340ADAC4-F203-4DCB-B0D8-7E26DAB426F7}"
EndProject
Project("{9A19103F-16F7-4668-BE54-9A1E7A4F7556}") = "Contracts", "src\BuildingBlocks\Contracts\Contracts.csproj", "{76BE6962-3558-44D1-B736-5F61FF66D402}"
EndProject
Project("{9A19103F-16F7-4668-BE54-9A1E7A4F7556}") = "Infrastructure", "src\BuildingBlocks\Infrastructure\Infrastructure.csproj", "{660A9665-B8D7-4711-9447-BCACF2CC9F9A}"
EndProject
Project("{9A19103F-16F7-4668-BE54-9A1E7A4F7556}") = "Shared", "src\BuildingBlocks\Shared\Shared.csproj", "{B4D78548-514E-45B7-B92B-3DCFB15E83EC}"
EndProject
Project("{9A19103F-16F7-4668-BE54-9A1E7A4F7556}") = "OcelotApiGw", "src\ApiGateways\OcelotApiGw\OcelotApiGw.csproj", "{8C13DBC9-EA45-4DDA-8CC5-3A03E63EADFA}"
EndProject
Project("{2150E333-8FDC-42A3-9474-1A3956D46DE8}") = "Els", "Els", "{420A667A-7AD6-4D6E-8B79-4E7FD0721860}"
EndProject
Project("{9A19103F-16F7-4668-BE54-9A1E7A4F7556}") = "Els.Api", "src\Services\Els.Api\Els.Api.csproj", "{7D76707C-5AFF-436B-9FE5-87FF3836436D}"
EndProject
Project("{9A19103F-16F7-4668-BE54-9A1E7A4F7556}") = "Ordering.Api", "src\Services\Ordering\Ordering.Api\Ordering.Api.csproj", "{B88C38C8-112B-4085-AB63-657084D6294F}"
EndProject
Project("{9A19103F-16F7-4668-BE54-9A1E7A4F7556}") = "Odering.Application", "src\Services\Ordering\Odering.Application\Odering.Application.csproj", "{0E997D45-D177-4D81-BAEE-0033CAD7BF0E}"
EndProject
Project("{9A19103F-16F7-4668-BE54-9A1E7A4F7556}") = "Ordering.Domain", "src\Services\Ordering\Ordering.Domain\Ordering.Domain.csproj", "{EDA6873A-8C82-471C-9FA5-EF7D24B370EB}"
EndProject
Project("{9A19103F-16F7-4668-BE54-9A1E7A4F7556}") = "Ordering.Infrastructure", "src\Services\Ordering\Ordering.Infrastructure\Ordering.Infrastructure.csproj", "{A3DD645B-737D-4887-8B8B-BCFD80908968}"
EndProject
Project("{9A19103F-16F7-4668-BE54-9A1E7A4F7556}") = "Ordering.Subsciber", "src\Services\Ordering\Ordering.Subsciber\Ordering.Subsciber.csproj", "{CFC44791-D4AD-43CD-A799-A5598975B7C6}"
EndProject
Project("{2150E333-8FDC-42A3-9474-1A3956D46DE8}") = "EventBus", "EventBus", "{2B48D1A4-DF46-47EB-9606-C7561B621B72}"
EndProject
Project("{9A19103F-16F7-4668-BE54-9A1E7A4F7556}") = "EventBus.Messages", "src\BuildingBlocks\EventBus\EventBus.Messages\EventBus.Messages.csproj", "{B82624C2-5431-4C68-A02C-F09E990B67C8}"
EndProject
Project("{2150E333-8FDC-42A3-9474-1A3956D46DE8}") = "Saga.Orchestrator", "Saga.Orchestrator", "{68D9343B-417A-4E1C-B1C9-329EA6412FEA}"
EndProject
Project("{9A19103F-16F7-4668-BE54-9A1E7A4F7556}") = "Saga.Orchestrator", "src\Saga.Orchestrator\Saga.Orchestrator\Saga.Orchestrator.csproj", "{5FC794BB-8C78-4EE6-A4C4-B8A4EFF16FC7}"
EndProject
Global
	GlobalSection(SolutionConfigurationPlatforms) = preSolution
		Debug|Any CPU = Debug|Any CPU
		Release|Any CPU = Release|Any CPU
	EndGlobalSection
	GlobalSection(ProjectConfigurationPlatforms) = postSolution
		{9377A6ED-EEC1-4282-AD62-41F767DA2360}.Debug|Any CPU.ActiveCfg = Debug|Any CPU
		{9377A6ED-EEC1-4282-AD62-41F767DA2360}.Debug|Any CPU.Build.0 = Debug|Any CPU
		{9377A6ED-EEC1-4282-AD62-41F767DA2360}.Release|Any CPU.ActiveCfg = Release|Any CPU
		{9377A6ED-EEC1-4282-AD62-41F767DA2360}.Release|Any CPU.Build.0 = Release|Any CPU
		{B6320F03-146D-43E4-AFFF-4B7CD61D19EE}.Debug|Any CPU.ActiveCfg = Debug|Any CPU
		{B6320F03-146D-43E4-AFFF-4B7CD61D19EE}.Debug|Any CPU.Build.0 = Debug|Any CPU
		{B6320F03-146D-43E4-AFFF-4B7CD61D19EE}.Release|Any CPU.ActiveCfg = Release|Any CPU
		{B6320F03-146D-43E4-AFFF-4B7CD61D19EE}.Release|Any CPU.Build.0 = Release|Any CPU
		{A87994F7-161B-4AC0-B3A7-19C89F1CEB2A}.Debug|Any CPU.ActiveCfg = Debug|Any CPU
		{A87994F7-161B-4AC0-B3A7-19C89F1CEB2A}.Debug|Any CPU.Build.0 = Debug|Any CPU
		{A87994F7-161B-4AC0-B3A7-19C89F1CEB2A}.Release|Any CPU.ActiveCfg = Release|Any CPU
		{A87994F7-161B-4AC0-B3A7-19C89F1CEB2A}.Release|Any CPU.Build.0 = Release|Any CPU
		{9836B3FE-2BCD-49DF-B94B-6EE477C1245F}.Debug|Any CPU.ActiveCfg = Debug|Any CPU
		{9836B3FE-2BCD-49DF-B94B-6EE477C1245F}.Debug|Any CPU.Build.0 = Debug|Any CPU
		{9836B3FE-2BCD-49DF-B94B-6EE477C1245F}.Release|Any CPU.ActiveCfg = Release|Any CPU
		{9836B3FE-2BCD-49DF-B94B-6EE477C1245F}.Release|Any CPU.Build.0 = Release|Any CPU
		{4D286839-87B6-4919-BD5A-9CA3FDB7F70C}.Debug|Any CPU.ActiveCfg = Debug|Any CPU
		{4D286839-87B6-4919-BD5A-9CA3FDB7F70C}.Debug|Any CPU.Build.0 = Debug|Any CPU
		{4D286839-87B6-4919-BD5A-9CA3FDB7F70C}.Release|Any CPU.ActiveCfg = Release|Any CPU
		{4D286839-87B6-4919-BD5A-9CA3FDB7F70C}.Release|Any CPU.Build.0 = Release|Any CPU
		{7045B79F-21C3-4C4E-97A8-9E61832916D4}.Debug|Any CPU.ActiveCfg = Debug|Any CPU
		{7045B79F-21C3-4C4E-97A8-9E61832916D4}.Debug|Any CPU.Build.0 = Debug|Any CPU
		{7045B79F-21C3-4C4E-97A8-9E61832916D4}.Release|Any CPU.ActiveCfg = Release|Any CPU
		{7045B79F-21C3-4C4E-97A8-9E61832916D4}.Release|Any CPU.Build.0 = Release|Any CPU
		{340ADAC4-F203-4DCB-B0D8-7E26DAB426F7}.Debug|Any CPU.ActiveCfg = Debug|Any CPU
		{340ADAC4-F203-4DCB-B0D8-7E26DAB426F7}.Debug|Any CPU.Build.0 = Debug|Any CPU
		{340ADAC4-F203-4DCB-B0D8-7E26DAB426F7}.Release|Any CPU.ActiveCfg = Release|Any CPU
		{340ADAC4-F203-4DCB-B0D8-7E26DAB426F7}.Release|Any CPU.Build.0 = Release|Any CPU
		{76BE6962-3558-44D1-B736-5F61FF66D402}.Debug|Any CPU.ActiveCfg = Debug|Any CPU
		{76BE6962-3558-44D1-B736-5F61FF66D402}.Debug|Any CPU.Build.0 = Debug|Any CPU
		{76BE6962-3558-44D1-B736-5F61FF66D402}.Release|Any CPU.ActiveCfg = Release|Any CPU
		{76BE6962-3558-44D1-B736-5F61FF66D402}.Release|Any CPU.Build.0 = Release|Any CPU
		{660A9665-B8D7-4711-9447-BCACF2CC9F9A}.Debug|Any CPU.ActiveCfg = Debug|Any CPU
		{660A9665-B8D7-4711-9447-BCACF2CC9F9A}.Debug|Any CPU.Build.0 = Debug|Any CPU
		{660A9665-B8D7-4711-9447-BCACF2CC9F9A}.Release|Any CPU.ActiveCfg = Release|Any CPU
		{660A9665-B8D7-4711-9447-BCACF2CC9F9A}.Release|Any CPU.Build.0 = Release|Any CPU
		{B4D78548-514E-45B7-B92B-3DCFB15E83EC}.Debug|Any CPU.ActiveCfg = Debug|Any CPU
		{B4D78548-514E-45B7-B92B-3DCFB15E83EC}.Debug|Any CPU.Build.0 = Debug|Any CPU
		{B4D78548-514E-45B7-B92B-3DCFB15E83EC}.Release|Any CPU.ActiveCfg = Release|Any CPU
		{B4D78548-514E-45B7-B92B-3DCFB15E83EC}.Release|Any CPU.Build.0 = Release|Any CPU
		{8C13DBC9-EA45-4DDA-8CC5-3A03E63EADFA}.Debug|Any CPU.ActiveCfg = Debug|Any CPU
		{8C13DBC9-EA45-4DDA-8CC5-3A03E63EADFA}.Debug|Any CPU.Build.0 = Debug|Any CPU
		{8C13DBC9-EA45-4DDA-8CC5-3A03E63EADFA}.Release|Any CPU.ActiveCfg = Release|Any CPU
		{8C13DBC9-EA45-4DDA-8CC5-3A03E63EADFA}.Release|Any CPU.Build.0 = Release|Any CPU
		{7D76707C-5AFF-436B-9FE5-87FF3836436D}.Debug|Any CPU.ActiveCfg = Debug|Any CPU
		{7D76707C-5AFF-436B-9FE5-87FF3836436D}.Debug|Any CPU.Build.0 = Debug|Any CPU
		{7D76707C-5AFF-436B-9FE5-87FF3836436D}.Release|Any CPU.ActiveCfg = Release|Any CPU
		{7D76707C-5AFF-436B-9FE5-87FF3836436D}.Release|Any CPU.Build.0 = Release|Any CPU
		{B88C38C8-112B-4085-AB63-657084D6294F}.Debug|Any CPU.ActiveCfg = Debug|Any CPU
		{B88C38C8-112B-4085-AB63-657084D6294F}.Debug|Any CPU.Build.0 = Debug|Any CPU
		{B88C38C8-112B-4085-AB63-657084D6294F}.Release|Any CPU.ActiveCfg = Release|Any CPU
		{B88C38C8-112B-4085-AB63-657084D6294F}.Release|Any CPU.Build.0 = Release|Any CPU
		{0E997D45-D177-4D81-BAEE-0033CAD7BF0E}.Debug|Any CPU.ActiveCfg = Debug|Any CPU
		{0E997D45-D177-4D81-BAEE-0033CAD7BF0E}.Debug|Any CPU.Build.0 = Debug|Any CPU
		{0E997D45-D177-4D81-BAEE-0033CAD7BF0E}.Release|Any CPU.ActiveCfg = Release|Any CPU
		{0E997D45-D177-4D81-BAEE-0033CAD7BF0E}.Release|Any CPU.Build.0 = Release|Any CPU
		{EDA6873A-8C82-471C-9FA5-EF7D24B370EB}.Debug|Any CPU.ActiveCfg = Debug|Any CPU
		{EDA6873A-8C82-471C-9FA5-EF7D24B370EB}.Debug|Any CPU.Build.0 = Debug|Any CPU
		{EDA6873A-8C82-471C-9FA5-EF7D24B370EB}.Release|Any CPU.ActiveCfg = Release|Any CPU
		{EDA6873A-8C82-471C-9FA5-EF7D24B370EB}.Release|Any CPU.Build.0 = Release|Any CPU
		{A3DD645B-737D-4887-8B8B-BCFD80908968}.Debug|Any CPU.ActiveCfg = Debug|Any CPU
		{A3DD645B-737D-4887-8B8B-BCFD80908968}.Debug|Any CPU.Build.0 = Debug|Any CPU
		{A3DD645B-737D-4887-8B8B-BCFD80908968}.Release|Any CPU.ActiveCfg = Release|Any CPU
		{A3DD645B-737D-4887-8B8B-BCFD80908968}.Release|Any CPU.Build.0 = Release|Any CPU
		{CFC44791-D4AD-43CD-A799-A5598975B7C6}.Debug|Any CPU.ActiveCfg = Debug|Any CPU
		{CFC44791-D4AD-43CD-A799-A5598975B7C6}.Debug|Any CPU.Build.0 = Debug|Any CPU
		{CFC44791-D4AD-43CD-A799-A5598975B7C6}.Release|Any CPU.ActiveCfg = Release|Any CPU
		{CFC44791-D4AD-43CD-A799-A5598975B7C6}.Release|Any CPU.Build.0 = Release|Any CPU
		{B82624C2-5431-4C68-A02C-F09E990B67C8}.Debug|Any CPU.ActiveCfg = Debug|Any CPU
		{B82624C2-5431-4C68-A02C-F09E990B67C8}.Debug|Any CPU.Build.0 = Debug|Any CPU
		{B82624C2-5431-4C68-A02C-F09E990B67C8}.Release|Any CPU.ActiveCfg = Release|Any CPU
		{B82624C2-5431-4C68-A02C-F09E990B67C8}.Release|Any CPU.Build.0 = Release|Any CPU
		{5FC794BB-8C78-4EE6-A4C4-B8A4EFF16FC7}.Debug|Any CPU.ActiveCfg = Debug|Any CPU
		{5FC794BB-8C78-4EE6-A4C4-B8A4EFF16FC7}.Debug|Any CPU.Build.0 = Debug|Any CPU
		{5FC794BB-8C78-4EE6-A4C4-B8A4EFF16FC7}.Release|Any CPU.ActiveCfg = Release|Any CPU
		{5FC794BB-8C78-4EE6-A4C4-B8A4EFF16FC7}.Release|Any CPU.Build.0 = Release|Any CPU
	EndGlobalSection
	GlobalSection(SolutionProperties) = preSolution
		HideSolutionNode = FALSE
	EndGlobalSection
	GlobalSection(NestedProjects) = preSolution
		{1CF80562-C9F5-4892-B083-2A8AD79C2C5F} = {04072234-7FB9-4AEB-81D0-68BC06344FF1}
		{C30211FA-29DC-4915-8742-52548428C393} = {04072234-7FB9-4AEB-81D0-68BC06344FF1}
		{7307CC4F-AC8B-4475-A807-E586DBF7E890} = {04072234-7FB9-4AEB-81D0-68BC06344FF1}
		{09267258-AB0A-443B-BE59-1BF1DB1CF85F} = {04072234-7FB9-4AEB-81D0-68BC06344FF1}
		{9377A6ED-EEC1-4282-AD62-41F767DA2360} = {C30211FA-29DC-4915-8742-52548428C393}
		{EA067459-458A-41C8-A480-28842B77DE03} = {7307CC4F-AC8B-4475-A807-E586DBF7E890}
		{12D706B6-3A58-4EB3-9305-1F8E2DD761B3} = {7307CC4F-AC8B-4475-A807-E586DBF7E890}
		{7B3095F1-7488-4DD9-B467-C9D0538BBF50} = {7307CC4F-AC8B-4475-A807-E586DBF7E890}
		{0A332EF8-745B-4176-AFAD-E44875C63AF2} = {7307CC4F-AC8B-4475-A807-E586DBF7E890}
		{98BEFEDC-7C7B-4F02-8660-FC9A12BE27D3} = {7307CC4F-AC8B-4475-A807-E586DBF7E890}
		{57C3830E-D053-460D-A10F-DFC2252A0D58} = {7307CC4F-AC8B-4475-A807-E586DBF7E890}
		{B6320F03-146D-43E4-AFFF-4B7CD61D19EE} = {09267258-AB0A-443B-BE59-1BF1DB1CF85F}
		{A87994F7-161B-4AC0-B3A7-19C89F1CEB2A} = {7B3095F1-7488-4DD9-B467-C9D0538BBF50}
		{9836B3FE-2BCD-49DF-B94B-6EE477C1245F} = {12D706B6-3A58-4EB3-9305-1F8E2DD761B3}
		{4D286839-87B6-4919-BD5A-9CA3FDB7F70C} = {98BEFEDC-7C7B-4F02-8660-FC9A12BE27D3}
		{7045B79F-21C3-4C4E-97A8-9E61832916D4} = {EA067459-458A-41C8-A480-28842B77DE03}
		{340ADAC4-F203-4DCB-B0D8-7E26DAB426F7} = {57C3830E-D053-460D-A10F-DFC2252A0D58}
		{76BE6962-3558-44D1-B736-5F61FF66D402} = {C30211FA-29DC-4915-8742-52548428C393}
		{660A9665-B8D7-4711-9447-BCACF2CC9F9A} = {C30211FA-29DC-4915-8742-52548428C393}
		{B4D78548-514E-45B7-B92B-3DCFB15E83EC} = {C30211FA-29DC-4915-8742-52548428C393}
		{8C13DBC9-EA45-4DDA-8CC5-3A03E63EADFA} = {1CF80562-C9F5-4892-B083-2A8AD79C2C5F}
		{420A667A-7AD6-4D6E-8B79-4E7FD0721860} = {7307CC4F-AC8B-4475-A807-E586DBF7E890}
		{7D76707C-5AFF-436B-9FE5-87FF3836436D} = {420A667A-7AD6-4D6E-8B79-4E7FD0721860}
		{B88C38C8-112B-4085-AB63-657084D6294F} = {0A332EF8-745B-4176-AFAD-E44875C63AF2}
		{0E997D45-D177-4D81-BAEE-0033CAD7BF0E} = {0A332EF8-745B-4176-AFAD-E44875C63AF2}
		{EDA6873A-8C82-471C-9FA5-EF7D24B370EB} = {0A332EF8-745B-4176-AFAD-E44875C63AF2}
		{A3DD645B-737D-4887-8B8B-BCFD80908968} = {0A332EF8-745B-4176-AFAD-E44875C63AF2}
		{CFC44791-D4AD-43CD-A799-A5598975B7C6} = {0A332EF8-745B-4176-AFAD-E44875C63AF2}
		{2B48D1A4-DF46-47EB-9606-C7561B621B72} = {C30211FA-29DC-4915-8742-52548428C393}
		{B82624C2-5431-4C68-A02C-F09E990B67C8} = {2B48D1A4-DF46-47EB-9606-C7561B621B72}
		{68D9343B-417A-4E1C-B1C9-329EA6412FEA} = {04072234-7FB9-4AEB-81D0-68BC06344FF1}
		{5FC794BB-8C78-4EE6-A4C4-B8A4EFF16FC7} = {68D9343B-417A-4E1C-B1C9-329EA6412FEA}
	EndGlobalSection
	GlobalSection(ExtensibilityGlobals) = postSolution
		SolutionGuid = {647839EF-A1F2-4585-A442-FA772FFE3FDA}
	EndGlobalSection
EndGlobal
